
Microsoft Visual Studio Solution File, Format Version 12.00
# Visual Studio 15
VisualStudioVersion = 15.0.27703.2042
MinimumVisualStudioVersion = 10.0.40219.1
Project("{FAE04EC0-301F-11D3-BF4B-00C04F79EFBC}") = "DBMonad", "DBMonad\DBMonad.csproj", "{98615BCB-B8B4-41EA-AACC-9A5365FF06B5}"
EndProject
Project("{FAE04EC0-301F-11D3-BF4B-00C04F79EFBC}") = "DBMonad.Tests", "DBMonad.Tests\DBMonad.Tests.csproj", "{8970EBEB-3469-466E-8B83-DD8DF9F17B44}"
EndProject
Project("{FAE04EC0-301F-11D3-BF4B-00C04F79EFBC}") = "ClassLibrary1", "ClassLibrary1\ClassLibrary1.csproj", "{5ED43CDB-A474-4343-9DE2-EBABAEE4150C}"
EndProject
Global
	GlobalSection(SolutionConfigurationPlatforms) = preSolution
		Debug|Any CPU = Debug|Any CPU
		Release|Any CPU = Release|Any CPU
	EndGlobalSection
	GlobalSection(ProjectConfigurationPlatforms) = postSolution
		{98615BCB-B8B4-41EA-AACC-9A5365FF06B5}.Debug|Any CPU.ActiveCfg = Debug|Any CPU
		{98615BCB-B8B4-41EA-AACC-9A5365FF06B5}.Debug|Any CPU.Build.0 = Debug|Any CPU
		{98615BCB-B8B4-41EA-AACC-9A5365FF06B5}.Release|Any CPU.ActiveCfg = Release|Any CPU
		{98615BCB-B8B4-41EA-AACC-9A5365FF06B5}.Release|Any CPU.Build.0 = Release|Any CPU
		{8970EBEB-3469-466E-8B83-DD8DF9F17B44}.Debug|Any CPU.ActiveCfg = Debug|Any CPU
		{8970EBEB-3469-466E-8B83-DD8DF9F17B44}.Debug|Any CPU.Build.0 = Debug|Any CPU
		{8970EBEB-3469-466E-8B83-DD8DF9F17B44}.Release|Any CPU.ActiveCfg = Release|Any CPU
		{8970EBEB-3469-466E-8B83-DD8DF9F17B44}.Release|Any CPU.Build.0 = Release|Any CPU
		{5ED43CDB-A474-4343-9DE2-EBABAEE4150C}.Debug|Any CPU.ActiveCfg = Debug|Any CPU
		{5ED43CDB-A474-4343-9DE2-EBABAEE4150C}.Debug|Any CPU.Build.0 = Debug|Any CPU
		{5ED43CDB-A474-4343-9DE2-EBABAEE4150C}.Release|Any CPU.ActiveCfg = Release|Any CPU
		{5ED43CDB-A474-4343-9DE2-EBABAEE4150C}.Release|Any CPU.Build.0 = Release|Any CPU
	EndGlobalSection
	GlobalSection(SolutionProperties) = preSolution
		HideSolutionNode = FALSE
	EndGlobalSection
	GlobalSection(ExtensibilityGlobals) = postSolution
		SolutionGuid = {7A5A2C06-3F6F-4791-B7DC-78F8A67A59F2}
	EndGlobalSection
EndGlobal
